
Microsoft Visual Studio Solution File, Format Version 12.00
# Visual Studio 14
VisualStudioVersion = 14.0.25420.1
MinimumVisualStudioVersion = 10.0.40219.1
Project("{FAE04EC0-301F-11D3-BF4B-00C04F79EFBC}") = "CircuitBreaker", "CircuitBreaker\CircuitBreaker.csproj", "{2DDC44A6-DDD7-4A11-9D96-E9E9688F2A6F}"
EndProject
Project("{FAE04EC0-301F-11D3-BF4B-00C04F79EFBC}") = "CircuitBreakerUT", "CircuitBreakerUT\CircuitBreakerUT.csproj", "{F48F68D2-18F1-48DB-9631-72CCE26AA39B}"
EndProject
Project("{2150E333-8FDC-42A3-9474-1A3956D46DE8}") = "Solution Items", "Solution Items", "{B77CE133-36A1-48DA-BA75-60299AEA2E4D}"
	ProjectSection(SolutionItems) = preProject
		appveyor.yml = appveyor.yml
		README.md = README.md
	EndProjectSection
EndProject
Global
	GlobalSection(SolutionConfigurationPlatforms) = preSolution
		Debug|Any CPU = Debug|Any CPU
		Release|Any CPU = Release|Any CPU
	EndGlobalSection
	GlobalSection(ProjectConfigurationPlatforms) = postSolution
		{2DDC44A6-DDD7-4A11-9D96-E9E9688F2A6F}.Debug|Any CPU.ActiveCfg = Debug|Any CPU
		{2DDC44A6-DDD7-4A11-9D96-E9E9688F2A6F}.Debug|Any CPU.Build.0 = Debug|Any CPU
		{2DDC44A6-DDD7-4A11-9D96-E9E9688F2A6F}.Release|Any CPU.ActiveCfg = Release|Any CPU
		{2DDC44A6-DDD7-4A11-9D96-E9E9688F2A6F}.Release|Any CPU.Build.0 = Release|Any CPU
		{F48F68D2-18F1-48DB-9631-72CCE26AA39B}.Debug|Any CPU.ActiveCfg = Debug|Any CPU
		{F48F68D2-18F1-48DB-9631-72CCE26AA39B}.Debug|Any CPU.Build.0 = Debug|Any CPU
		{F48F68D2-18F1-48DB-9631-72CCE26AA39B}.Release|Any CPU.ActiveCfg = Release|Any CPU
		{F48F68D2-18F1-48DB-9631-72CCE26AA39B}.Release|Any CPU.Build.0 = Release|Any CPU
	EndGlobalSection
	GlobalSection(SolutionProperties) = preSolution
		HideSolutionNode = FALSE
	EndGlobalSection
EndGlobal
